
Microsoft Visual Studio Solution File, Format Version 12.00
# Visual Studio Version 17
VisualStudioVersion = 17.14.36603.0
MinimumVisualStudioVersion = 10.0.40219.1
Project("{FAE04EC0-301F-11D3-BF4B-00C04F79EFBC}") = "GhseeliApis", "GhseeliApis\GhseeliApis.csproj", "{BE4A9038-08A9-4E75-B330-8DBD1BFE4FD7}"
EndProject
Project("{FAE04EC0-301F-11D3-BF4B-00C04F79EFBC}") = "GhseeliApis.Tests", "GhseeliApis.Tests\GhseeliApis.Tests.csproj", "{69D86C1F-79D1-44BD-8F30-BC0DC4C251B7}"
EndProject
Global
	GlobalSection(SolutionConfigurationPlatforms) = preSolution
		Debug|Any CPU = Debug|Any CPU
		Debug|x64 = Debug|x64
		Debug|x86 = Debug|x86
		Release|Any CPU = Release|Any CPU
		Release|x64 = Release|x64
		Release|x86 = Release|x86
	EndGlobalSection
	GlobalSection(ProjectConfigurationPlatforms) = postSolution
		{BE4A9038-08A9-4E75-B330-8DBD1BFE4FD7}.Debug|Any CPU.ActiveCfg = Debug|Any CPU
		{BE4A9038-08A9-4E75-B330-8DBD1BFE4FD7}.Debug|Any CPU.Build.0 = Debug|Any CPU
		{BE4A9038-08A9-4E75-B330-8DBD1BFE4FD7}.Debug|x64.ActiveCfg = Debug|Any CPU
		{BE4A9038-08A9-4E75-B330-8DBD1BFE4FD7}.Debug|x64.Build.0 = Debug|Any CPU
		{BE4A9038-08A9-4E75-B330-8DBD1BFE4FD7}.Debug|x86.ActiveCfg = Debug|Any CPU
		{BE4A9038-08A9-4E75-B330-8DBD1BFE4FD7}.Debug|x86.Build.0 = Debug|Any CPU
		{BE4A9038-08A9-4E75-B330-8DBD1BFE4FD7}.Release|Any CPU.ActiveCfg = Release|Any CPU
		{BE4A9038-08A9-4E75-B330-8DBD1BFE4FD7}.Release|Any CPU.Build.0 = Release|Any CPU
		{BE4A9038-08A9-4E75-B330-8DBD1BFE4FD7}.Release|x64.ActiveCfg = Release|Any CPU
		{BE4A9038-08A9-4E75-B330-8DBD1BFE4FD7}.Release|x64.Build.0 = Release|Any CPU
		{BE4A9038-08A9-4E75-B330-8DBD1BFE4FD7}.Release|x86.ActiveCfg = Release|Any CPU
		{BE4A9038-08A9-4E75-B330-8DBD1BFE4FD7}.Release|x86.Build.0 = Release|Any CPU
		{69D86C1F-79D1-44BD-8F30-BC0DC4C251B7}.Debug|Any CPU.ActiveCfg = Debug|Any CPU
		{69D86C1F-79D1-44BD-8F30-BC0DC4C251B7}.Debug|Any CPU.Build.0 = Debug|Any CPU
		{69D86C1F-79D1-44BD-8F30-BC0DC4C251B7}.Debug|x64.ActiveCfg = Debug|Any CPU
		{69D86C1F-79D1-44BD-8F30-BC0DC4C251B7}.Debug|x64.Build.0 = Debug|Any CPU
		{69D86C1F-79D1-44BD-8F30-BC0DC4C251B7}.Debug|x86.ActiveCfg = Debug|Any CPU
		{69D86C1F-79D1-44BD-8F30-BC0DC4C251B7}.Debug|x86.Build.0 = Debug|Any CPU
		{69D86C1F-79D1-44BD-8F30-BC0DC4C251B7}.Release|Any CPU.ActiveCfg = Release|Any CPU
		{69D86C1F-79D1-44BD-8F30-BC0DC4C251B7}.Release|Any CPU.Build.0 = Release|Any CPU
		{69D86C1F-79D1-44BD-8F30-BC0DC4C251B7}.Release|x64.ActiveCfg = Release|Any CPU
		{69D86C1F-79D1-44BD-8F30-BC0DC4C251B7}.Release|x64.Build.0 = Release|Any CPU
		{69D86C1F-79D1-44BD-8F30-BC0DC4C251B7}.Release|x86.ActiveCfg = Release|Any CPU
		{69D86C1F-79D1-44BD-8F30-BC0DC4C251B7}.Release|x86.Build.0 = Release|Any CPU
	EndGlobalSection
	GlobalSection(SolutionProperties) = preSolution
		HideSolutionNode = FALSE
	EndGlobalSection
	GlobalSection(ExtensibilityGlobals) = postSolution
		SolutionGuid = {C9E38E37-58A4-4A6B-9049-F232D4DFD1A8}
	EndGlobalSection
EndGlobal
